PODS:
  - Flutter (1.0.0)
  - MobilePay-AppSwitch-SDK (2.2.0)
  - mobilepay_flutter (0.0.2):
    - Flutter
    - MobilePay-AppSwitch-SDK (= 2.2.0)

DEPENDENCIES:
  - Flutter (from `Flutter`)
  - mobilepay_flutter (from `.symlinks/plugins/mobilepay_flutter/ios`)

SPEC REPOS:
  trunk:
    - MobilePay-AppSwitch-SDK

EXTERNAL SOURCES:
  Flutter:
    :path: Flutter
  mobilepay_flutter:
    :path: ".symlinks/plugins/mobilepay_flutter/ios"

SPEC CHECKSUMS:
  Flutter: 434fef37c0980e73bb6479ef766c45957d4b510c
  MobilePay-AppSwitch-SDK: 554694406de420a548107263cd88f0a1d967098f
  mobilepay_flutter: 061574a21496fd448be47133584070ee97c9cbac

PODFILE CHECKSUM: a75497545d4391e2d394c3668e20cfb1c2bbd4aa

COCOAPODS: 1.10.2
